hash: 4bf180a9a4d4db82f8d3fad736a05fa6cb734550f82c842d124efa2a804c80b1
updated: 2017-03-08T10:12:22.962399564Z
imports:
- name: github.com/bsm/grpclb
  version: c277e0d9993f2df81a29b2fcc219b35530f5342c
  subpackages:
  - grpclb_backend_v1
  - load
- name: github.com/bsm/histogram
  version: 8c4fcfcff7b1352a78170574dd070d17b425a350
- name: github.com/bsm/instruments
  version: 88c2ed7d08faf43e1cce6a21eeb14f2f0653f915
  subpackages:
  - datadog
- name: github.com/bsm/rucksack
  version: f372cf712bb2bd678fd46c58453522ab5309a23a
  subpackages:
  - log
  - met
- name: github.com/golang/protobuf
  version: 8ee79997227bf9b34611aee7946ae64735e6fd93
  subpackages:
  - proto
- name: github.com/Sirupsen/logrus
  version: c078b1e43f58d563c74cebe63c85789e76ddb627
- name: golang.org/x/net
  version: f2499483f923065a842d38eb4c7f1927e6fc6e6d
  subpackages:
  - context
  - http2
  - http2/hpack
  - idna
  - internal/timeseries
  - lex/httplex
  - trace
- name: golang.org/x/sys
  version: 075e574b89e4c2d22f2286a7e2b919519c6f3547
  subpackages:
  - unix
- name: google.golang.org/grpc
  version: 708a7f9f3283aa2d4f6132d287d78683babe55c8
  subpackages:
  - codes
  - credentials
  - grpclog
  - health
  - health/grpc_health_v1
  - internal
  - metadata
  - naming
  - peer
  - stats
  - tap
  - transport
testImports:
- name: github.com/onsi/ginkgo
  version: bb93381d543b0e5725244abe752214a110791d01
  subpackages:
  - config
  - internal/codelocation
  - internal/containernode
  - internal/failer
  - internal/leafnodes
  - internal/remote
  - internal/spec
  - internal/specrunner
  - internal/suite
  - internal/testingtproxy
  - internal/writer
  - reporters
  - reporters/stenographer
  - reporters/stenographer/support/go-colorable
  - reporters/stenographer/support/go-isatty
  - types
- name: github.com/onsi/gomega
  version: c463cd2a8578290d4be7a25cba69de81cf35785e
  subpackages:
  - format
  - internal/assertion
  - internal/asyncassertion
  - internal/oraclematcher
  - internal/testingtsupport
  - matchers
  - matchers/support/goraph/bipartitegraph
  - matchers/support/goraph/edge
  - matchers/support/goraph/node
  - matchers/support/goraph/util
  - types
- name: gopkg.in/yaml.v2
  version: a3f3340b5840cee44f372bddb5880fcbc419b46a
