hash: 4bf180a9a4d4db82f8d3fad736a05fa6cb734550f82c842d124efa2a804c80b1
updated: 2017-01-17T16:44:24.855363799Z
imports:
- name: github.com/bsm/grpclb
  version: c277e0d9993f2df81a29b2fcc219b35530f5342c
  subpackages:
  - grpclb_backend_v1
  - load
- name: github.com/golang/protobuf
  version: 98fa357170587e470c5f27d3c3ea0947b71eb455
  subpackages:
  - proto
- name: golang.org/x/net
  version: c46f265c325130a7a6c7b27db8c6fe14b64f1a68
  subpackages:
  - context
  - http2
  - http2/hpack
  - idna
  - internal/timeseries
  - lex/httplex
  - trace
- name: google.golang.org/grpc
  version: 708a7f9f3283aa2d4f6132d287d78683babe55c8
  subpackages:
  - codes
  - credentials
  - grpclog
  - health
  - health/grpc_health_v1
  - internal
  - metadata
  - naming
  - peer
  - stats
  - tap
  - transport
testImports:
- name: github.com/onsi/ginkgo
  version: a8ccd817611666211fdf6e6a752174a0db8374a8
  subpackages:
  - config
  - internal/codelocation
  - internal/containernode
  - internal/failer
  - internal/leafnodes
  - internal/remote
  - internal/spec
  - internal/specrunner
  - internal/suite
  - internal/testingtproxy
  - internal/writer
  - reporters
  - reporters/stenographer
  - reporters/stenographer/support/go-colorable
  - reporters/stenographer/support/go-isatty
  - types
- name: github.com/onsi/gomega
  version: 7e2072f716a912a29b2dfa54398faf096a9909e3
  subpackages:
  - format
  - internal/assertion
  - internal/asyncassertion
  - internal/oraclematcher
  - internal/testingtsupport
  - matchers
  - matchers/support/goraph/bipartitegraph
  - matchers/support/goraph/edge
  - matchers/support/goraph/node
  - matchers/support/goraph/util
  - types
- name: golang.org/x/sys
  version: c200b10b5d5e122be351b67af224adc6128af5bf
  subpackages:
  - unix
- name: gopkg.in/yaml.v2
  version: a5b47d31c556af34a302ce5d659e6fea44d90de0
